{
  "name": "diva-lib",
  "version": "1.0.0",
  "lockfileVersion": 3,
  "requires": true,
  "packages": {
    "": {
      "name": "diva-lib",
      "version": "1.0.0",
      "workspaces": [
        "packages/diva-lib-core",
        "packages/diva-lib-core-test",
        "packages/diva-lib-database",
        "packages/diva-lib-database-test",
        "packages/diva-lib-models-api",
        "packages/diva-lib-models-api-test",
        "packages/diva-lib-models-core",
        "packages/diva-lib-models-core-test",
        "packages/diva-lib-ui",
        "packages/diva-lib-ui-test",
        "packages/diva-lib-auth",
        "packages/diva-lib-auth-test",
        "packages/diva-lib-devices",
        "packages/diva-lib-devices-test",
        "packages/diva-lib-onboarding",
        "packages/diva-lib-onboarding-test",
        "packages/diva-lib-permissions",
        "packages/diva-lib-permissions-test",
        "packages/diva-lib-session",
        "packages/diva-lib-session-test",
        "packages/diva-lib-settings",
        "packages/diva-lib-settings-test",
        "packages/diva-lib-user",
        "packages/diva-lib-user-test",
        "packages/diva-lib-verification",
        "packages/diva-lib-verification-test",
        "packages_imported/Kotlin-DateTime-library-kotlinx-datetime-wasm-js/0.8.0",
        "packages_imported/diva-core/0.0.0-provider",
        "packages_imported/diva-database/0.0.0-provider",
        "packages_imported/diva-database-sqlite/0.0.0-provider",
        "packages_imported/skiko-wasm-js/0.150.1",
        "packages_imported/skiko-js-wasm-runtime/0.150.1",
        "packages_imported/diva-ui/0.0.0-provider",
        "packages_imported/diva-network/0.0.0-provider"
      ],
      "devDependencies": {}
    },
    "node_modules/@cashapp/sqldelight-sqljs-worker": {
      "version": "2.3.2",
      "resolved": "https://registry.npmjs.org/@cashapp/sqldelight-sqljs-worker/-/sqldelight-sqljs-worker-2.3.2.tgz",
      "integrity": "sha512-j43u8FCiLCz52rI/+NP4sXNviwaKS59eggvqjPRji8l62SYQEps5IlW1/fMm8s9BH4nbfaGX1YPSbbdThkXt4w==",
      "license": "Apache-2.0",
      "peerDependencies": {
        "sql.js": "^1.8.0"
      }
    },
    "node_modules/@js-joda/core": {
      "version": "3.2.0",
      "resolved": "https://registry.npmjs.org/@js-joda/core/-/core-3.2.0.tgz",
      "integrity": "sha512-PMqgJ0sw5B7FKb2d5bWYIoxjri+QlW/Pys7+Rw82jSH0QN3rB05jZ/VrrsUdh1w4+i2kw9JOejXGq/KhDOX7Kg==",
      "license": "BSD-3-Clause"
    },
    "node_modules/diva-core": {
      "resolved": "packages_imported/diva-core/0.0.0-provider",
      "link": true
    },
    "node_modules/diva-database": {
      "resolved": "packages_imported/diva-database/0.0.0-provider",
      "link": true
    },
    "node_modules/diva-database-sqlite": {
      "resolved": "packages_imported/diva-database-sqlite/0.0.0-provider",
      "link": true
    },
    "node_modules/diva-lib-auth": {
      "resolved": "packages/diva-lib-auth",
      "link": true
    },
    "node_modules/diva-lib-auth-test": {
      "resolved": "packages/diva-lib-auth-test",
      "link": true
    },
    "node_modules/diva-lib-core": {
      "resolved": "packages/diva-lib-core",
      "link": true
    },
    "node_modules/diva-lib-core-test": {
      "resolved": "packages/diva-lib-core-test",
      "link": true
    },
    "node_modules/diva-lib-database": {
      "resolved": "packages/diva-lib-database",
      "link": true
    },
    "node_modules/diva-lib-database-test": {
      "resolved": "packages/diva-lib-database-test",
      "link": true
    },
    "node_modules/diva-lib-devices": {
      "resolved": "packages/diva-lib-devices",
      "link": true
    },
    "node_modules/diva-lib-devices-test": {
      "resolved": "packages/diva-lib-devices-test",
      "link": true
    },
    "node_modules/diva-lib-models-api": {
      "resolved": "packages/diva-lib-models-api",
      "link": true
    },
    "node_modules/diva-lib-models-api-test": {
      "resolved": "packages/diva-lib-models-api-test",
      "link": true
    },
    "node_modules/diva-lib-models-core": {
      "resolved": "packages/diva-lib-models-core",
      "link": true
    },
    "node_modules/diva-lib-models-core-test": {
      "resolved": "packages/diva-lib-models-core-test",
      "link": true
    },
    "node_modules/diva-lib-onboarding": {
      "resolved": "packages/diva-lib-onboarding",
      "link": true
    },
    "node_modules/diva-lib-onboarding-test": {
      "resolved": "packages/diva-lib-onboarding-test",
      "link": true
    },
    "node_modules/diva-lib-permissions": {
      "resolved": "packages/diva-lib-permissions",
      "link": true
    },
    "node_modules/diva-lib-permissions-test": {
      "resolved": "packages/diva-lib-permissions-test",
      "link": true
    },
    "node_modules/diva-lib-session": {
      "resolved": "packages/diva-lib-session",
      "link": true
    },
    "node_modules/diva-lib-session-test": {
      "resolved": "packages/diva-lib-session-test",
      "link": true
    },
    "node_modules/diva-lib-settings": {
      "resolved": "packages/diva-lib-settings",
      "link": true
    },
    "node_modules/diva-lib-settings-test": {
      "resolved": "packages/diva-lib-settings-test",
      "link": true
    },
    "node_modules/diva-lib-ui": {
      "resolved": "packages/diva-lib-ui",
      "link": true
    },
    "node_modules/diva-lib-ui-test": {
      "resolved": "packages/diva-lib-ui-test",
      "link": true
    },
    "node_modules/diva-lib-user": {
      "resolved": "packages/diva-lib-user",
      "link": true
    },
    "node_modules/diva-lib-user-test": {
      "resolved": "packages/diva-lib-user-test",
      "link": true
    },
    "node_modules/diva-lib-verification": {
      "resolved": "packages/diva-lib-verification",
      "link": true
    },
    "node_modules/diva-lib-verification-test": {
      "resolved": "packages/diva-lib-verification-test",
      "link": true
    },
    "node_modules/diva-network": {
      "resolved": "packages_imported/diva-network/0.0.0-provider",
      "link": true
    },
    "node_modules/diva-ui": {
      "resolved": "packages_imported/diva-ui/0.0.0-provider",
      "link": true
    },
    "node_modules/Kotlin-DateTime-library-kotlinx-datetime-wasm-js": {
      "resolved": "packages_imported/Kotlin-DateTime-library-kotlinx-datetime-wasm-js/0.8.0",
      "link": true
    },
    "node_modules/skiko-js-wasm-runtime": {
      "resolved": "packages_imported/skiko-js-wasm-runtime/0.150.1",
      "link": true
    },
    "node_modules/skiko-wasm-js": {
      "resolved": "packages_imported/skiko-wasm-js/0.150.1",
      "link": true
    },
    "node_modules/sql.js": {
      "version": "1.8.0",
      "resolved": "https://registry.npmjs.org/sql.js/-/sql.js-1.8.0.tgz",
      "integrity": "sha512-3HD8pSkZL+5YvYUI8nlvNILs61ALqq34xgmF+BHpqxe68yZIJ1H+sIVIODvni25+CcxHUxDyrTJUL0lE/m7afw==",
      "license": "MIT",
      "peer": true
    },
    "node_modules/ws": {
      "version": "8.20.1",
      "resolved": "https://registry.npmjs.org/ws/-/ws-8.20.1.tgz",
      "integrity": "sha512-It4dO0K5v//JtTXuPkfEOaI3uUN87iYPnqo/ZzqCoG3g8uhA66QUMs/SrM0YK7/NAu+r4LMh/9dq2A7k+rHs+w==",
      "license": "MIT",
      "engines": {
        "node": ">=10.0.0"
      },
      "peerDependencies": {
        "bufferutil": "^4.0.1",
        "utf-8-validate": ">=5.0.2"
      },
      "peerDependenciesMeta": {
        "bufferutil": {
          "optional": true
        },
        "utf-8-validate": {
          "optional": true
        }
      }
    },
    "packages_imported/diva-core/0.0.0-provider": {
      "name": "diva-core",
      "version": "0.0.0-provider",
      "dependencies": {
        "@js-joda/core": "3.2.0"
      },
      "devDependencies": {}
    },
    "packages_imported/diva-database-sqlite/0.0.0-provider": {
      "name": "diva-database-sqlite",
      "version": "0.0.0-provider",
      "dependencies": {
        "@cashapp/sqldelight-sqljs-worker": "2.3.2",
        "@js-joda/core": "3.2.0",
        "sql.js": "1.8.0"
      },
      "devDependencies": {}
    },
    "packages_imported/diva-database/0.0.0-provider": {
      "name": "diva-database",
      "version": "0.0.0-provider",
      "dependencies": {
        "@js-joda/core": "3.2.0"
      },
      "devDependencies": {}
    },
    "packages_imported/diva-network/0.0.0-provider": {
      "name": "diva-network",
      "version": "0.0.0-provider",
      "dependencies": {
        "@js-joda/core": "3.2.0",
        "ws": "8.20.1"
      },
      "devDependencies": {}
    },
    "packages_imported/diva-ui/0.0.0-provider": {
      "name": "diva-ui",
      "version": "0.0.0-provider",
      "dependencies": {
        "@js-joda/core": "3.2.0"
      },
      "devDependencies": {}
    },
    "packages_imported/Kotlin-DateTime-library-kotlinx-datetime-wasm-js/0.8.0": {
      "name": "Kotlin-DateTime-library-kotlinx-datetime-wasm-js",
      "version": "0.8.0",
      "dependencies": {
        "@js-joda/core": "3.2.0"
      },
      "devDependencies": {}
    },
    "packages_imported/skiko-js-wasm-runtime/0.150.1": {
      "name": "skiko-js-wasm-runtime",
      "version": "0.150.1",
      "devDependencies": {}
    },
    "packages_imported/skiko-wasm-js/0.150.1": {
      "name": "skiko-wasm-js",
      "version": "0.150.1",
      "devDependencies": {}
    },
    "packages/diva-lib-auth": {
      "version": "0.0.0-provider",
      "dependencies": {
        "@cashapp/sqldelight-sqljs-worker": "2.3.2",
        "@js-joda/core": "3.2.0",
        "sql.js": "1.8.0",
        "ws": "8.20.1"
      },
      "devDependencies": {}
    },
    "packages/diva-lib-auth-test": {
      "version": "0.0.0-provider",
      "dependencies": {
        "@cashapp/sqldelight-sqljs-worker": "2.3.2",
        "@js-joda/core": "3.2.0",
        "sql.js": "1.8.0",
        "ws": "8.20.1"
      },
      "devDependencies": {}
    },
    "packages/diva-lib-core": {
      "version": "0.0.0-provider",
      "dependencies": {
        "@js-joda/core": "3.2.0"
      },
      "devDependencies": {}
    },
    "packages/diva-lib-core-test": {
      "version": "0.0.0-provider",
      "dependencies": {
        "@js-joda/core": "3.2.0"
      },
      "devDependencies": {}
    },
    "packages/diva-lib-database": {
      "version": "0.0.0-provider",
      "dependencies": {
        "@cashapp/sqldelight-sqljs-worker": "2.3.2",
        "@js-joda/core": "3.2.0",
        "sql.js": "1.8.0"
      },
      "devDependencies": {}
    },
    "packages/diva-lib-database-test": {
      "version": "0.0.0-provider",
      "dependencies": {
        "@cashapp/sqldelight-sqljs-worker": "2.3.2",
        "@js-joda/core": "3.2.0",
        "sql.js": "1.8.0"
      },
      "devDependencies": {}
    },
    "packages/diva-lib-devices": {
      "version": "0.0.0-provider",
      "dependencies": {
        "@cashapp/sqldelight-sqljs-worker": "2.3.2",
        "@js-joda/core": "3.2.0",
        "sql.js": "1.8.0",
        "ws": "8.20.1"
      },
      "devDependencies": {}
    },
    "packages/diva-lib-devices-test": {
      "version": "0.0.0-provider",
      "dependencies": {
        "@cashapp/sqldelight-sqljs-worker": "2.3.2",
        "@js-joda/core": "3.2.0",
        "sql.js": "1.8.0",
        "ws": "8.20.1"
      },
      "devDependencies": {}
    },
    "packages/diva-lib-models-api": {
      "version": "0.0.0-provider",
      "dependencies": {
        "@js-joda/core": "3.2.0"
      },
      "devDependencies": {}
    },
    "packages/diva-lib-models-api-test": {
      "version": "0.0.0-provider",
      "dependencies": {
        "@js-joda/core": "3.2.0"
      },
      "devDependencies": {}
    },
    "packages/diva-lib-models-core": {
      "version": "0.0.0-provider",
      "dependencies": {
        "@js-joda/core": "3.2.0"
      },
      "devDependencies": {}
    },
    "packages/diva-lib-models-core-test": {
      "version": "0.0.0-provider",
      "dependencies": {
        "@js-joda/core": "3.2.0"
      },
      "devDependencies": {}
    },
    "packages/diva-lib-onboarding": {
      "version": "0.0.0-provider",
      "dependencies": {
        "@cashapp/sqldelight-sqljs-worker": "2.3.2",
        "@js-joda/core": "3.2.0",
        "sql.js": "1.8.0",
        "ws": "8.20.1"
      },
      "devDependencies": {}
    },
    "packages/diva-lib-onboarding-test": {
      "version": "0.0.0-provider",
      "dependencies": {
        "@cashapp/sqldelight-sqljs-worker": "2.3.2",
        "@js-joda/core": "3.2.0",
        "sql.js": "1.8.0",
        "ws": "8.20.1"
      },
      "devDependencies": {}
    },
    "packages/diva-lib-permissions": {
      "version": "0.0.0-provider",
      "dependencies": {
        "@cashapp/sqldelight-sqljs-worker": "2.3.2",
        "@js-joda/core": "3.2.0",
        "sql.js": "1.8.0",
        "ws": "8.20.1"
      },
      "devDependencies": {}
    },
    "packages/diva-lib-permissions-test": {
      "version": "0.0.0-provider",
      "dependencies": {
        "@cashapp/sqldelight-sqljs-worker": "2.3.2",
        "@js-joda/core": "3.2.0",
        "sql.js": "1.8.0",
        "ws": "8.20.1"
      },
      "devDependencies": {}
    },
    "packages/diva-lib-session": {
      "version": "0.0.0-provider",
      "dependencies": {
        "@cashapp/sqldelight-sqljs-worker": "2.3.2",
        "@js-joda/core": "3.2.0",
        "sql.js": "1.8.0",
        "ws": "8.20.1"
      },
      "devDependencies": {}
    },
    "packages/diva-lib-session-test": {
      "version": "0.0.0-provider",
      "dependencies": {
        "@cashapp/sqldelight-sqljs-worker": "2.3.2",
        "@js-joda/core": "3.2.0",
        "sql.js": "1.8.0",
        "ws": "8.20.1"
      },
      "devDependencies": {}
    },
    "packages/diva-lib-settings": {
      "version": "0.0.0-provider",
      "dependencies": {
        "@cashapp/sqldelight-sqljs-worker": "2.3.2",
        "@js-joda/core": "3.2.0",
        "sql.js": "1.8.0",
        "ws": "8.20.1"
      },
      "devDependencies": {}
    },
    "packages/diva-lib-settings-test": {
      "version": "0.0.0-provider",
      "dependencies": {
        "@cashapp/sqldelight-sqljs-worker": "2.3.2",
        "@js-joda/core": "3.2.0",
        "sql.js": "1.8.0",
        "ws": "8.20.1"
      },
      "devDependencies": {}
    },
    "packages/diva-lib-ui": {
      "version": "0.0.0-provider",
      "dependencies": {
        "@js-joda/core": "3.2.0"
      },
      "devDependencies": {}
    },
    "packages/diva-lib-ui-test": {
      "version": "0.0.0-provider",
      "dependencies": {
        "@js-joda/core": "3.2.0"
      },
      "devDependencies": {}
    },
    "packages/diva-lib-user": {
      "version": "0.0.0-provider",
      "dependencies": {
        "@cashapp/sqldelight-sqljs-worker": "2.3.2",
        "@js-joda/core": "3.2.0",
        "sql.js": "1.8.0",
        "ws": "8.20.1"
      },
      "devDependencies": {}
    },
    "packages/diva-lib-user-test": {
      "version": "0.0.0-provider",
      "dependencies": {
        "@cashapp/sqldelight-sqljs-worker": "2.3.2",
        "@js-joda/core": "3.2.0",
        "sql.js": "1.8.0",
        "ws": "8.20.1"
      },
      "devDependencies": {}
    },
    "packages/diva-lib-verification": {
      "version": "0.0.0-provider",
      "dependencies": {
        "@cashapp/sqldelight-sqljs-worker": "2.3.2",
        "@js-joda/core": "3.2.0",
        "sql.js": "1.8.0",
        "ws": "8.20.1"
      },
      "devDependencies": {}
    },
    "packages/diva-lib-verification-test": {
      "version": "0.0.0-provider",
      "dependencies": {
        "@cashapp/sqldelight-sqljs-worker": "2.3.2",
        "@js-joda/core": "3.2.0",
        "sql.js": "1.8.0",
        "ws": "8.20.1"
      },
      "devDependencies": {}
    }
  }
}
