{
  "name": "diva-app",
  "version": "1.0.0",
  "lockfileVersion": 3,
  "requires": true,
  "packages": {
    "": {
      "name": "diva-app",
      "version": "1.0.0",
      "workspaces": [
        "packages/shared-ui",
        "packages/shared-ui-test",
        "packages_imported/Kotlin-DateTime-library-kotlinx-datetime-wasm-js/0.8.0",
        "packages_imported/diva-core/0.0.0-provider",
        "packages_imported/skiko-wasm-js/0.150.1",
        "packages_imported/skiko-js-wasm-runtime/0.150.1",
        "packages_imported/diva-ui/0.0.0-provider",
        "packages_imported/diva-lib-core/0.0.0-provider",
        "packages_imported/diva-lib-database/0.0.0-provider",
        "packages_imported/diva-lib-ui/0.0.0-provider",
        "packages_imported/diva-lib-auth/0.0.0-provider",
        "packages_imported/diva-lib-user/0.0.0-provider",
        "packages_imported/diva-network/0.0.0-provider"
      ],
      "devDependencies": {}
    },
    "node_modules/@cashapp/sqldelight-sqljs-worker": {
      "version": "2.3.2",
      "resolved": "https://registry.npmjs.org/@cashapp/sqldelight-sqljs-worker/-/sqldelight-sqljs-worker-2.3.2.tgz",
      "integrity": "sha512-j43u8FCiLCz52rI/+NP4sXNviwaKS59eggvqjPRji8l62SYQEps5IlW1/fMm8s9BH4nbfaGX1YPSbbdThkXt4w==",
      "license": "Apache-2.0",
      "peerDependencies": {
        "sql.js": "^1.8.0"
      }
    },
    "node_modules/@js-joda/core": {
      "version": "3.2.0",
      "resolved": "https://registry.npmjs.org/@js-joda/core/-/core-3.2.0.tgz",
      "integrity": "sha512-PMqgJ0sw5B7FKb2d5bWYIoxjri+QlW/Pys7+Rw82jSH0QN3rB05jZ/VrrsUdh1w4+i2kw9JOejXGq/KhDOX7Kg==",
      "license": "BSD-3-Clause"
    },
    "node_modules/diva-core": {
      "resolved": "packages_imported/diva-core/0.0.0-provider",
      "link": true
    },
    "node_modules/diva-lib-auth": {
      "resolved": "packages_imported/diva-lib-auth/0.0.0-provider",
      "link": true
    },
    "node_modules/diva-lib-core": {
      "resolved": "packages_imported/diva-lib-core/0.0.0-provider",
      "link": true
    },
    "node_modules/diva-lib-database": {
      "resolved": "packages_imported/diva-lib-database/0.0.0-provider",
      "link": true
    },
    "node_modules/diva-lib-ui": {
      "resolved": "packages_imported/diva-lib-ui/0.0.0-provider",
      "link": true
    },
    "node_modules/diva-lib-user": {
      "resolved": "packages_imported/diva-lib-user/0.0.0-provider",
      "link": true
    },
    "node_modules/diva-network": {
      "resolved": "packages_imported/diva-network/0.0.0-provider",
      "link": true
    },
    "node_modules/diva-ui": {
      "resolved": "packages_imported/diva-ui/0.0.0-provider",
      "link": true
    },
    "node_modules/Kotlin-DateTime-library-kotlinx-datetime-wasm-js": {
      "resolved": "packages_imported/Kotlin-DateTime-library-kotlinx-datetime-wasm-js/0.8.0",
      "link": true
    },
    "node_modules/shared-ui": {
      "resolved": "packages/shared-ui",
      "link": true
    },
    "node_modules/shared-ui-test": {
      "resolved": "packages/shared-ui-test",
      "link": true
    },
    "node_modules/skiko-js-wasm-runtime": {
      "resolved": "packages_imported/skiko-js-wasm-runtime/0.150.1",
      "link": true
    },
    "node_modules/skiko-wasm-js": {
      "resolved": "packages_imported/skiko-wasm-js/0.150.1",
      "link": true
    },
    "node_modules/sql.js": {
      "version": "1.8.0",
      "resolved": "https://registry.npmjs.org/sql.js/-/sql.js-1.8.0.tgz",
      "integrity": "sha512-3HD8pSkZL+5YvYUI8nlvNILs61ALqq34xgmF+BHpqxe68yZIJ1H+sIVIODvni25+CcxHUxDyrTJUL0lE/m7afw==",
      "license": "MIT",
      "peer": true
    },
    "node_modules/ws": {
      "version": "8.20.1",
      "resolved": "https://registry.npmjs.org/ws/-/ws-8.20.1.tgz",
      "integrity": "sha512-It4dO0K5v//JtTXuPkfEOaI3uUN87iYPnqo/ZzqCoG3g8uhA66QUMs/SrM0YK7/NAu+r4LMh/9dq2A7k+rHs+w==",
      "license": "MIT",
      "engines": {
        "node": ">=10.0.0"
      },
      "peerDependencies": {
        "bufferutil": "^4.0.1",
        "utf-8-validate": ">=5.0.2"
      },
      "peerDependenciesMeta": {
        "bufferutil": {
          "optional": true
        },
        "utf-8-validate": {
          "optional": true
        }
      }
    },
    "packages_imported/diva-core/0.0.0-provider": {
      "name": "diva-core",
      "version": "0.0.0-provider",
      "dependencies": {
        "@js-joda/core": "3.2.0"
      },
      "devDependencies": {}
    },
    "packages_imported/diva-lib-auth/0.0.0-provider": {
      "name": "diva-lib-auth",
      "version": "0.0.0-provider",
      "dependencies": {
        "@cashapp/sqldelight-sqljs-worker": "2.3.2",
        "@js-joda/core": "3.2.0",
        "sql.js": "1.8.0",
        "ws": "8.20.1"
      },
      "devDependencies": {}
    },
    "packages_imported/diva-lib-core/0.0.0-provider": {
      "name": "diva-lib-core",
      "version": "0.0.0-provider",
      "dependencies": {
        "@js-joda/core": "3.2.0"
      },
      "devDependencies": {}
    },
    "packages_imported/diva-lib-database/0.0.0-provider": {
      "name": "diva-lib-database",
      "version": "0.0.0-provider",
      "dependencies": {
        "@cashapp/sqldelight-sqljs-worker": "2.3.2",
        "@js-joda/core": "3.2.0",
        "sql.js": "1.8.0"
      },
      "devDependencies": {}
    },
    "packages_imported/diva-lib-ui/0.0.0-provider": {
      "name": "diva-lib-ui",
      "version": "0.0.0-provider",
      "dependencies": {
        "@js-joda/core": "3.2.0"
      },
      "devDependencies": {}
    },
    "packages_imported/diva-lib-user/0.0.0-provider": {
      "name": "diva-lib-user",
      "version": "0.0.0-provider",
      "dependencies": {
        "@cashapp/sqldelight-sqljs-worker": "2.3.2",
        "@js-joda/core": "3.2.0",
        "sql.js": "1.8.0",
        "ws": "8.20.1"
      },
      "devDependencies": {}
    },
    "packages_imported/diva-network/0.0.0-provider": {
      "name": "diva-network",
      "version": "0.0.0-provider",
      "dependencies": {
        "@js-joda/core": "3.2.0",
        "ws": "8.20.1"
      },
      "devDependencies": {}
    },
    "packages_imported/diva-ui/0.0.0-provider": {
      "name": "diva-ui",
      "version": "0.0.0-provider",
      "dependencies": {
        "@js-joda/core": "3.2.0"
      },
      "devDependencies": {}
    },
    "packages_imported/Kotlin-DateTime-library-kotlinx-datetime-wasm-js/0.8.0": {
      "name": "Kotlin-DateTime-library-kotlinx-datetime-wasm-js",
      "version": "0.8.0",
      "dependencies": {
        "@js-joda/core": "3.2.0"
      },
      "devDependencies": {}
    },
    "packages_imported/skiko-js-wasm-runtime/0.150.1": {
      "name": "skiko-js-wasm-runtime",
      "version": "0.150.1",
      "devDependencies": {}
    },
    "packages_imported/skiko-wasm-js/0.150.1": {
      "name": "skiko-wasm-js",
      "version": "0.150.1",
      "devDependencies": {}
    },
    "packages/shared-ui": {
      "version": "0.0.0-provider",
      "dependencies": {
        "@cashapp/sqldelight-sqljs-worker": "2.3.2",
        "@js-joda/core": "3.2.0",
        "sql.js": "1.8.0",
        "ws": "8.20.1"
      },
      "devDependencies": {}
    },
    "packages/shared-ui-test": {
      "version": "0.0.0-provider",
      "dependencies": {
        "@cashapp/sqldelight-sqljs-worker": "2.3.2",
        "@js-joda/core": "3.2.0",
        "sql.js": "1.8.0",
        "ws": "8.20.1"
      },
      "devDependencies": {}
    }
  }
}
